lockfileVersion: '9.0'

settings:
  autoInstallPeers: true
  excludeLinksFromLockfile: false

importers:

  .:
    dependencies:
      react-hook-form:
        specifier: ^7.71.2
        version: 7.71.2(react@19.2.4)

packages:

  react-hook-form@7.71.2:
    resolution: {integrity: sha512-1CHvcDYzuRUNOflt4MOq3ZM46AronNJtQ1S7tnX6YN4y72qhgiUItpacZUAQ0TyWYci3yz1X+rXaSxiuEm86PA==}
    engines: {node: '>=18.0.0'}
    peerDependencies:
      react: ^16.8.0 || ^17 || ^18 || ^19

  react@19.2.4:
    resolution: {integrity: sha512-9nfp2hYpCwOjAN+8TZFGhtWEwgvWHXqESH8qT89AT/lWklpLON22Lc8pEtnpsZz7VmawabSU0gCjnj8aC0euHQ==}
    engines: {node: '>=0.10.0'}

snapshots:

  react-hook-form@7.71.2(react@19.2.4):
    dependencies:
      react: 19.2.4

  react@19.2.4: {}
